{
  "name": "hetweermetniels",
  "lockfileVersion": 3,
  "requires": true,
  "packages": {
    "": {
      "dependencies": {
        "console-log-html": "^2.0.2"
      }
    },
    "node_modules/console-log-html": {
      "version": "2.0.2",
      "resolved": "https://registry.npmjs.org/console-log-html/-/console-log-html-2.0.2.tgz",
      "integrity": "sha512-W9Yt7olkfZVZMi6fryAUDjg7hlU1lWVMGOXjRGe8zTbZFM2FSkGrPOqc7hhik1RILfyAyt/WOYChS/rWzprb1g==",
      "engines": {
        "node": ">=0.10"
      }
    }
  }
}
